
Microsoft Visual Studio Solution File, Format Version 12.00
# Visual Studio Version 17
VisualStudioVersion = 17.7.34031.279
MinimumVisualStudioVersion = 10.0.40219.1
Project("{9A19103F-16F7-4668-BE54-9A1E7A4F7556}") = "Bewerb_Aufgabe_SB", "Bewerb_Aufgabe_SB\Bewerb_Aufgabe_SB.csproj", "{18E81521-DE15-4DD9-B3F3-B63304858F39}"
EndProject
Global
	GlobalSection(SolutionConfigurationPlatforms) = preSolution
		Debug|Any CPU = Debug|Any CPU
		Release|Any CPU = Release|Any CPU
	EndGlobalSection
	GlobalSection(ProjectConfigurationPlatforms) = postSolution
		{18E81521-DE15-4DD9-B3F3-B63304858F39}.Debug|Any CPU.ActiveCfg = Debug|Any CPU
		{18E81521-DE15-4DD9-B3F3-B63304858F39}.Debug|Any CPU.Build.0 = Debug|Any CPU
		{18E81521-DE15-4DD9-B3F3-B63304858F39}.Release|Any CPU.ActiveCfg = Release|Any CPU
		{18E81521-DE15-4DD9-B3F3-B63304858F39}.Release|Any CPU.Build.0 = Release|Any CPU
	EndGlobalSection
	GlobalSection(SolutionProperties) = preSolution
		HideSolutionNode = FALSE
	EndGlobalSection
	GlobalSection(ExtensibilityGlobals) = postSolution
		SolutionGuid = {C4761BB8-3E7C-48A3-AA70-CBAA6E0A8454}
	EndGlobalSection
EndGlobal
